<?xml version="1.0" encoding="utf-8"?>
<Project ToolsVersion="4.0" xmlns="http://schemas.microsoft.com/developer/msbuild/2003">
  <ItemGroup>
    <Filter Include="Source Files">
      <UniqueIdentifier>{4FC737F1-C7A5-4376-A066-2A32D752A2FF}</UniqueIdentifier>
      <Extensions>cpp;c;cc;cxx;def;odl;idl;hpj;bat;asm;asmx</Extensions>
    </Filter>
    <Filter Include="Header Files">
      <UniqueIdentifier>{93995380-89BD-4b04-88EB-625FBE52EBFB}</UniqueIdentifier>
      <Extensions>h;hh;hpp;hxx;hm;inl;inc;ipp;xsd</Extensions>
    </Filter>
    <Filter Include="Resource Files">
      <UniqueIdentifier>{67DA6AB6-F800-4c08-8B7A-83BB121AAD01}</UniqueIdentifier>
      <Extensions>rc;ico;cur;bmp;dlg;rc2;rct;bin;rgs;gif;jpg;jpeg;jpe;resx;tiff;tif;png;wav;mfcribbon-ms</Extensions>
    </Filter>
    <Filter Include="Header Files\CharacterCard">
      <UniqueIdentifier>{80b819a3-3f98-4d3a-ae54-7932a0964274}</UniqueIdentifier>
    </Filter>
    <Filter Include="Source Files\CharacterCard">
      <UniqueIdentifier>{61f5642c-9075-4b16-99dd-86fb2e5a2e11}</UniqueIdentifier>
    </Filter>
  </ItemGroup>
  <ItemGroup>
    <ClInclude Include="pch.h">
      <Filter>Header Files</Filter>
    </ClInclude>
    <ClInclude Include="CircularBuffer.h">
      <Filter>Header Files</Filter>
    </ClInclude>
    <ClInclude Include="ClientCommand.h">
      <Filter>Header Files</Filter>
    </ClInclude>
    <ClInclude Include="ClientInfo.h">
      <Filter>Header Files</Filter>
    </ClInclude>
    <ClInclude Include="Player.h">
      <Filter>Header Files</Filter>
    </ClInclude>
    <ClInclude Include="Socket.h">
      <Filter>Header Files</Filter>
    </ClInclude>
    <ClInclude Include="Sync_queue.h">
      <Filter>Header Files</Filter>
    </ClInclude>
    <ClInclude Include="throw.h">
      <Filter>Header Files</Filter>
    </ClInclude>
    <ClInclude Include="CharacterCard.h">
      <Filter>Header Files\CharacterCard</Filter>
    </ClInclude>
    <ClInclude Include="Prediker.h">
      <Filter>Header Files\CharacterCard</Filter>
    </ClInclude>
    <ClInclude Include="Moordenaar.h">
      <Filter>Header Files\CharacterCard</Filter>
    </ClInclude>
    <ClInclude Include="Magier.h">
      <Filter>Header Files\CharacterCard</Filter>
    </ClInclude>
    <ClInclude Include="Koopman.h">
      <Filter>Header Files\CharacterCard</Filter>
    </ClInclude>
    <ClInclude Include="Koning.h">
      <Filter>Header Files\CharacterCard</Filter>
    </ClInclude>
    <ClInclude Include="Dief.h">
      <Filter>Header Files\CharacterCard</Filter>
    </ClInclude>
    <ClInclude Include="Condottiere.h">
      <Filter>Header Files\CharacterCard</Filter>
    </ClInclude>
    <ClInclude Include="Bouwmeester.h">
      <Filter>Header Files\CharacterCard</Filter>
    </ClInclude>
    <ClInclude Include="BuildingCard.h">
      <Filter>Header Files</Filter>
    </ClInclude>
    <ClInclude Include="Deck.h">
      <Filter>Header Files</Filter>
    </ClInclude>
  </ItemGroup>
  <ItemGroup>
    <ClCompile Include="pch.cpp">
      <Filter>Source Files</Filter>
    </ClCompile>
    <ClCompile Include="main.cpp">
      <Filter>Source Files</Filter>
    </ClCompile>
    <ClCompile Include="Player.cpp">
      <Filter>Source Files</Filter>
    </ClCompile>
    <ClCompile Include="Socket.cpp">
      <Filter>Source Files</Filter>
    </ClCompile>
    <ClCompile Include="throw.cpp">
      <Filter>Source Files</Filter>
    </ClCompile>
    <ClCompile Include="BuildingCard.cpp">
      <Filter>Source Files</Filter>
    </ClCompile>
    <ClCompile Include="Bouwmeester.cpp">
      <Filter>Source Files\CharacterCard</Filter>
    </ClCompile>
    <ClCompile Include="Condottiere.cpp">
      <Filter>Source Files\CharacterCard</Filter>
    </ClCompile>
    <ClCompile Include="Dief.cpp">
      <Filter>Source Files\CharacterCard</Filter>
    </ClCompile>
    <ClCompile Include="Koning.cpp">
      <Filter>Source Files\CharacterCard</Filter>
    </ClCompile>
    <ClCompile Include="Koopman.cpp">
      <Filter>Source Files\CharacterCard</Filter>
    </ClCompile>
    <ClCompile Include="Magier.cpp">
      <Filter>Source Files\CharacterCard</Filter>
    </ClCompile>
    <ClCompile Include="Moordenaar.cpp">
      <Filter>Source Files\CharacterCard</Filter>
    </ClCompile>
    <ClCompile Include="Prediker.cpp">
      <Filter>Source Files\CharacterCard</Filter>
    </ClCompile>
    <ClCompile Include="Deck.cpp">
      <Filter>Source Files</Filter>
    </ClCompile>
  </ItemGroup>
  <ItemGroup>
    <None Include="Makefile" />
  </ItemGroup>
</Project>